
Microsoft Visual Studio Solution File, Format Version 12.00
# Visual Studio Version 17
VisualStudioVersion = 17.9.34622.214
MinimumVisualStudioVersion = 10.0.40219.1
Project("{FAE04EC0-301F-11D3-BF4B-00C04F79EFBC}") = "BookStore.API", "BookStore.API\BookStore.API.csproj", "{FB1C157B-38CD-4273-9F1D-6DA71938D685}"
EndProject
Project("{FAE04EC0-301F-11D3-BF4B-00C04F79EFBC}") = "BookStore.Core", "BookStore.Core\BookStore.Core.csproj", "{762E88F8-1B7F-4234-8E13-EBED30147914}"
EndProject
Project("{FAE04EC0-301F-11D3-BF4B-00C04F79EFBC}") = "BookStore.Data", "BookStore.Data\BookStore.Data.csproj", "{A001CFA4-4B8D-4414-8AA2-25AA8AD3370E}"
EndProject
Global
	GlobalSection(SolutionConfigurationPlatforms) = preSolution
		Debug|Any CPU = Debug|Any CPU
		Release|Any CPU = Release|Any CPU
	EndGlobalSection
	GlobalSection(ProjectConfigurationPlatforms) = postSolution
		{FB1C157B-38CD-4273-9F1D-6DA71938D685}.Debug|Any CPU.ActiveCfg = Debug|Any CPU
		{FB1C157B-38CD-4273-9F1D-6DA71938D685}.Debug|Any CPU.Build.0 = Debug|Any CPU
		{FB1C157B-38CD-4273-9F1D-6DA71938D685}.Release|Any CPU.ActiveCfg = Release|Any CPU
		{FB1C157B-38CD-4273-9F1D-6DA71938D685}.Release|Any CPU.Build.0 = Release|Any CPU
		{762E88F8-1B7F-4234-8E13-EBED30147914}.Debug|Any CPU.ActiveCfg = Debug|Any CPU
		{762E88F8-1B7F-4234-8E13-EBED30147914}.Debug|Any CPU.Build.0 = Debug|Any CPU
		{762E88F8-1B7F-4234-8E13-EBED30147914}.Release|Any CPU.ActiveCfg = Release|Any CPU
		{762E88F8-1B7F-4234-8E13-EBED30147914}.Release|Any CPU.Build.0 = Release|Any CPU
		{A001CFA4-4B8D-4414-8AA2-25AA8AD3370E}.Debug|Any CPU.ActiveCfg = Debug|Any CPU
		{A001CFA4-4B8D-4414-8AA2-25AA8AD3370E}.Debug|Any CPU.Build.0 = Debug|Any CPU
		{A001CFA4-4B8D-4414-8AA2-25AA8AD3370E}.Release|Any CPU.ActiveCfg = Release|Any CPU
		{A001CFA4-4B8D-4414-8AA2-25AA8AD3370E}.Release|Any CPU.Build.0 = Release|Any CPU
	EndGlobalSection
	GlobalSection(SolutionProperties) = preSolution
		HideSolutionNode = FALSE
	EndGlobalSection
	GlobalSection(ExtensibilityGlobals) = postSolution
		SolutionGuid = {B8F96808-ADAC-427A-AEDA-B89E7DEC8882}
	EndGlobalSection
EndGlobal
